Microsoft Visual Studio Solution File, Format Version 11.00
# Visual Studio 2008

Project("{198EC3D0-666F-F7F0-48FB-4258B6AE44DF}") = "binfenle", "Assembly-CSharp-firstpass-vs.csproj", "{A64E898D-25AF-C24E-753F-2374E4F42A72}"
EndProject
Project("{198EC3D0-666F-F7F0-48FB-4258B6AE44DF}") = "binfenle", "Assembly-CSharp-vs.csproj", "{93E38DE6-CAC1-BC2F-D3B1-70250C0438F8}"
EndProject
Project("{198EC3D0-666F-F7F0-48FB-4258B6AE44DF}") = "binfenle", "Assembly-CSharp-Editor-firstpass-vs.csproj", "{834B6EF8-F59C-ED8E-278C-97F8464DA3DC}"
EndProject
Project("{198EC3D0-666F-F7F0-48FB-4258B6AE44DF}") = "binfenle", "Assembly-CSharp-Editor-vs.csproj", "{933AF1B5-D202-8D46-7741-3CE121FB66AB}"
EndProject
Global
	GlobalSection(SolutionConfigurationPlatforms) = preSolution
		Debug|Any CPU = Debug|Any CPU
		Release|Any CPU = Release|Any CPU
	EndGlobalSection
	GlobalSection(ProjectConfigurationPlatforms) = postSolution
		{A64E898D-25AF-C24E-753F-2374E4F42A72}.Debug|Any CPU.ActiveCfg = Debug|Any CPU
		{A64E898D-25AF-C24E-753F-2374E4F42A72}.Debug|Any CPU.Build.0 = Debug|Any CPU
		{A64E898D-25AF-C24E-753F-2374E4F42A72}.Release|Any CPU.ActiveCfg = Release|Any CPU
		{A64E898D-25AF-C24E-753F-2374E4F42A72}.Release|Any CPU.Build.0 = Release|Any CPU
		{93E38DE6-CAC1-BC2F-D3B1-70250C0438F8}.Debug|Any CPU.ActiveCfg = Debug|Any CPU
		{93E38DE6-CAC1-BC2F-D3B1-70250C0438F8}.Debug|Any CPU.Build.0 = Debug|Any CPU
		{93E38DE6-CAC1-BC2F-D3B1-70250C0438F8}.Release|Any CPU.ActiveCfg = Release|Any CPU
		{93E38DE6-CAC1-BC2F-D3B1-70250C0438F8}.Release|Any CPU.Build.0 = Release|Any CPU
		{834B6EF8-F59C-ED8E-278C-97F8464DA3DC}.Debug|Any CPU.ActiveCfg = Debug|Any CPU
		{834B6EF8-F59C-ED8E-278C-97F8464DA3DC}.Debug|Any CPU.Build.0 = Debug|Any CPU
		{834B6EF8-F59C-ED8E-278C-97F8464DA3DC}.Release|Any CPU.ActiveCfg = Release|Any CPU
		{834B6EF8-F59C-ED8E-278C-97F8464DA3DC}.Release|Any CPU.Build.0 = Release|Any CPU
		{933AF1B5-D202-8D46-7741-3CE121FB66AB}.Debug|Any CPU.ActiveCfg = Debug|Any CPU
		{933AF1B5-D202-8D46-7741-3CE121FB66AB}.Debug|Any CPU.Build.0 = Debug|Any CPU
		{933AF1B5-D202-8D46-7741-3CE121FB66AB}.Release|Any CPU.ActiveCfg = Release|Any CPU
		{933AF1B5-D202-8D46-7741-3CE121FB66AB}.Release|Any CPU.Build.0 = Release|Any CPU
	EndGlobalSection
	GlobalSection(SolutionProperties) = preSolution
		HideSolutionNode = FALSE
	EndGlobalSection
																					GlobalSection(MonoDevelopProperties) = preSolution
		StartupItem = Assembly-CSharp.csproj
		Policies = $0
		$0.TextStylePolicy = $1
		$1.inheritsSet = null
		$1.scope = text/x-csharp
		$0.CSharpFormattingPolicy = $2
		$2.inheritsSet = Mono
		$2.inheritsScope = text/x-csharp
		$2.scope = text/x-csharp
		$0.TextStylePolicy = $3
		$3.FileWidth = 120
		$3.TabWidth = 4
		$3.IndentWidth = 4
		$3.EolMarker = Unix
		$3.inheritsSet = Mono
		$3.inheritsScope = text/plain
		$3.scope = text/plain
	EndGlobalSection

EndGlobal
